
Microsoft Visual Studio Solution File, Format Version 12.00
Project("{FAE04EC0-301F-11D3-BF4B-00C04F79EFBC}") = "XTabbedNav", "XTabbedNav\XTabbedNav\XTabbedNav.csproj", "{B0F4D10A-5BBE-433E-8583-6AAF2734AD26}"
EndProject
Project("{FAE04EC0-301F-11D3-BF4B-00C04F79EFBC}") = "XTabbedNav.Droid", "XTabbedNav\XTabbedNav.Droid\XTabbedNav.Droid.csproj", "{031DA48F-464C-4936-8EA8-2EB0C3A206BF}"
EndProject
Global
	GlobalSection(SolutionConfigurationPlatforms) = preSolution
		Ad-Hoc|iPhone = Ad-Hoc|iPhone
		AppStore|iPhone = AppStore|iPhone
		Debug|Any CPU = Debug|Any CPU
		Debug|iPhone = Debug|iPhone
		Debug|iPhoneSimulator = Debug|iPhoneSimulator
		Release|Any CPU = Release|Any CPU
		Release|iPhone = Release|iPhone
		Release|iPhoneSimulator = Release|iPhoneSimulator
	EndGlobalSection
	GlobalSection(ProjectConfigurationPlatforms) = postSolution
		{B0F4D10A-5BBE-433E-8583-6AAF2734AD26}.Ad-Hoc|iPhone.ActiveCfg = Debug|Any CPU
		{B0F4D10A-5BBE-433E-8583-6AAF2734AD26}.Ad-Hoc|iPhone.Build.0 = Debug|Any CPU
		{B0F4D10A-5BBE-433E-8583-6AAF2734AD26}.AppStore|iPhone.ActiveCfg = Debug|Any CPU
		{B0F4D10A-5BBE-433E-8583-6AAF2734AD26}.AppStore|iPhone.Build.0 = Debug|Any CPU
		{B0F4D10A-5BBE-433E-8583-6AAF2734AD26}.Debug|Any CPU.ActiveCfg = Debug|Any CPU
		{B0F4D10A-5BBE-433E-8583-6AAF2734AD26}.Debug|Any CPU.Build.0 = Debug|Any CPU
		{B0F4D10A-5BBE-433E-8583-6AAF2734AD26}.Debug|iPhone.ActiveCfg = Debug|Any CPU
		{B0F4D10A-5BBE-433E-8583-6AAF2734AD26}.Debug|iPhone.Build.0 = Debug|Any CPU
		{B0F4D10A-5BBE-433E-8583-6AAF2734AD26}.Debug|iPhoneSimulator.ActiveCfg = Debug|Any CPU
		{B0F4D10A-5BBE-433E-8583-6AAF2734AD26}.Debug|iPhoneSimulator.Build.0 = Debug|Any CPU
		{B0F4D10A-5BBE-433E-8583-6AAF2734AD26}.Release|Any CPU.ActiveCfg = Release|Any CPU
		{B0F4D10A-5BBE-433E-8583-6AAF2734AD26}.Release|Any CPU.Build.0 = Release|Any CPU
		{B0F4D10A-5BBE-433E-8583-6AAF2734AD26}.Release|iPhone.ActiveCfg = Release|Any CPU
		{B0F4D10A-5BBE-433E-8583-6AAF2734AD26}.Release|iPhone.Build.0 = Release|Any CPU
		{B0F4D10A-5BBE-433E-8583-6AAF2734AD26}.Release|iPhoneSimulator.ActiveCfg = Release|Any CPU
		{B0F4D10A-5BBE-433E-8583-6AAF2734AD26}.Release|iPhoneSimulator.Build.0 = Release|Any CPU
		{031DA48F-464C-4936-8EA8-2EB0C3A206BF}.Ad-Hoc|iPhone.ActiveCfg = Debug|Any CPU
		{031DA48F-464C-4936-8EA8-2EB0C3A206BF}.Ad-Hoc|iPhone.Build.0 = Debug|Any CPU
		{031DA48F-464C-4936-8EA8-2EB0C3A206BF}.Ad-Hoc|iPhone.Deploy.0 = Debug|Any CPU
		{031DA48F-464C-4936-8EA8-2EB0C3A206BF}.AppStore|iPhone.ActiveCfg = Debug|Any CPU
		{031DA48F-464C-4936-8EA8-2EB0C3A206BF}.AppStore|iPhone.Build.0 = Debug|Any CPU
		{031DA48F-464C-4936-8EA8-2EB0C3A206BF}.AppStore|iPhone.Deploy.0 = Debug|Any CPU
		{031DA48F-464C-4936-8EA8-2EB0C3A206BF}.Debug|Any CPU.ActiveCfg = Debug|Any CPU
		{031DA48F-464C-4936-8EA8-2EB0C3A206BF}.Debug|Any CPU.Build.0 = Debug|Any CPU
		{031DA48F-464C-4936-8EA8-2EB0C3A206BF}.Debug|Any CPU.Deploy.0 = Debug|Any CPU
		{031DA48F-464C-4936-8EA8-2EB0C3A206BF}.Debug|iPhone.ActiveCfg = Debug|Any CPU
		{031DA48F-464C-4936-8EA8-2EB0C3A206BF}.Debug|iPhone.Build.0 = Debug|Any CPU
		{031DA48F-464C-4936-8EA8-2EB0C3A206BF}.Debug|iPhone.Deploy.0 = Debug|Any CPU
		{031DA48F-464C-4936-8EA8-2EB0C3A206BF}.Debug|iPhoneSimulator.ActiveCfg = Debug|Any CPU
		{031DA48F-464C-4936-8EA8-2EB0C3A206BF}.Debug|iPhoneSimulator.Build.0 = Debug|Any CPU
		{031DA48F-464C-4936-8EA8-2EB0C3A206BF}.Debug|iPhoneSimulator.Deploy.0 = Debug|Any CPU
		{031DA48F-464C-4936-8EA8-2EB0C3A206BF}.Release|Any CPU.ActiveCfg = Release|Any CPU
		{031DA48F-464C-4936-8EA8-2EB0C3A206BF}.Release|Any CPU.Build.0 = Release|Any CPU
		{031DA48F-464C-4936-8EA8-2EB0C3A206BF}.Release|Any CPU.Deploy.0 = Release|Any CPU
		{031DA48F-464C-4936-8EA8-2EB0C3A206BF}.Release|iPhone.ActiveCfg = Release|Any CPU
		{031DA48F-464C-4936-8EA8-2EB0C3A206BF}.Release|iPhone.Build.0 = Release|Any CPU
		{031DA48F-464C-4936-8EA8-2EB0C3A206BF}.Release|iPhone.Deploy.0 = Release|Any CPU
		{031DA48F-464C-4936-8EA8-2EB0C3A206BF}.Release|iPhoneSimulator.ActiveCfg = Release|Any CPU
		{031DA48F-464C-4936-8EA8-2EB0C3A206BF}.Release|iPhoneSimulator.Build.0 = Release|Any CPU
		{031DA48F-464C-4936-8EA8-2EB0C3A206BF}.Release|iPhoneSimulator.Deploy.0 = Release|Any CPU
	EndGlobalSection
EndGlobal
